<?xml version="1.0" encoding="utf-8"?>
<Project ToolsVersion="4.0" xmlns="http://schemas.microsoft.com/developer/msbuild/2003">
  <ItemGroup>
    <Filter Include="Source Files">
      <UniqueIdentifier>{4FC737F1-C7A5-4376-A066-2A32D752A2FF}</UniqueIdentifier>
      <Extensions>cpp;c;cc;cxx;c++;cppm;ixx;def;odl;idl;hpj;bat;asm;asmx</Extensions>
    </Filter>
    <Filter Include="Header Files">
      <UniqueIdentifier>{93995380-89BD-4b04-88EB-625FBE52EBFB}</UniqueIdentifier>
      <Extensions>h;hh;hpp;hxx;h++;hm;inl;inc;ipp;xsd</Extensions>
    </Filter>
    <Filter Include="Resource Files">
      <UniqueIdentifier>{67DA6AB6-F800-4c08-8B7A-83BB121AAD01}</UniqueIdentifier>
      <Extensions>rc;ico;cur;bmp;dlg;rc2;rct;bin;rgs;gif;jpg;jpeg;jpe;resx;tiff;tif;png;wav;mfcribbon-ms</Extensions>
    </Filter>
    <Filter Include="Header Files\values">
      <UniqueIdentifier>{331eada2-f193-4a22-a960-2d20e89fa405}</UniqueIdentifier>
    </Filter>
    <Filter Include="Source Files\values">
      <UniqueIdentifier>{37358801-6210-45f7-8a08-3ea27de26a3d}</UniqueIdentifier>
    </Filter>
  </ItemGroup>
  <ItemGroup>
    <ClInclude Include="value.h">
      <Filter>Header Files</Filter>
    </ClInclude>
    <ClInclude Include="container.h">
      <Filter>Header Files</Filter>
    </ClInclude>
    <ClInclude Include="value_types.h">
      <Filter>Header Files</Filter>
    </ClInclude>
    <ClInclude Include="values\bool_value.h">
      <Filter>Header Files\values</Filter>
    </ClInclude>
    <ClInclude Include="values\bytes_value.h">
      <Filter>Header Files\values</Filter>
    </ClInclude>
    <ClInclude Include="values\container_value.h">
      <Filter>Header Files\values</Filter>
    </ClInclude>
    <ClInclude Include="values\double_value.h">
      <Filter>Header Files\values</Filter>
    </ClInclude>
    <ClInclude Include="values\float_value.h">
      <Filter>Header Files\values</Filter>
    </ClInclude>
    <ClInclude Include="values\int_value.h">
      <Filter>Header Files\values</Filter>
    </ClInclude>
    <ClInclude Include="values\llong_value.h">
      <Filter>Header Files\values</Filter>
    </ClInclude>
    <ClInclude Include="values\long_value.h">
      <Filter>Header Files\values</Filter>
    </ClInclude>
    <ClInclude Include="values\short_value.h">
      <Filter>Header Files\values</Filter>
    </ClInclude>
    <ClInclude Include="values\string_value.h">
      <Filter>Header Files\values</Filter>
    </ClInclude>
    <ClInclude Include="values\uint_value.h">
      <Filter>Header Files\values</Filter>
    </ClInclude>
    <ClInclude Include="values\ullong_value.h">
      <Filter>Header Files\values</Filter>
    </ClInclude>
    <ClInclude Include="values\ulong_value.h">
      <Filter>Header Files\values</Filter>
    </ClInclude>
    <ClInclude Include="values\ushort_value.h">
      <Filter>Header Files\values</Filter>
    </ClInclude>
  </ItemGroup>
  <ItemGroup>
    <ClCompile Include="container.cpp">
      <Filter>Source Files</Filter>
    </ClCompile>
    <ClCompile Include="value.cpp">
      <Filter>Source Files</Filter>
    </ClCompile>
    <ClCompile Include="value_types.cpp">
      <Filter>Source Files</Filter>
    </ClCompile>
    <ClCompile Include="values\bool_value.cpp">
      <Filter>Source Files\values</Filter>
    </ClCompile>
    <ClCompile Include="values\bytes_value.cpp">
      <Filter>Source Files\values</Filter>
    </ClCompile>
    <ClCompile Include="values\container_value.cpp">
      <Filter>Source Files\values</Filter>
    </ClCompile>
    <ClCompile Include="values\double_value.cpp">
      <Filter>Source Files\values</Filter>
    </ClCompile>
    <ClCompile Include="values\float_value.cpp">
      <Filter>Source Files\values</Filter>
    </ClCompile>
    <ClCompile Include="values\int_value.cpp">
      <Filter>Source Files\values</Filter>
    </ClCompile>
    <ClCompile Include="values\llong_value.cpp">
      <Filter>Source Files\values</Filter>
    </ClCompile>
    <ClCompile Include="values\long_value.cpp">
      <Filter>Source Files\values</Filter>
    </ClCompile>
    <ClCompile Include="values\short_value.cpp">
      <Filter>Source Files\values</Filter>
    </ClCompile>
    <ClCompile Include="values\string_value.cpp">
      <Filter>Source Files\values</Filter>
    </ClCompile>
    <ClCompile Include="values\uint_value.cpp">
      <Filter>Source Files\values</Filter>
    </ClCompile>
    <ClCompile Include="values\ullong_value.cpp">
      <Filter>Source Files\values</Filter>
    </ClCompile>
    <ClCompile Include="values\ulong_value.cpp">
      <Filter>Source Files\values</Filter>
    </ClCompile>
    <ClCompile Include="values\ushort_value.cpp">
      <Filter>Source Files\values</Filter>
    </ClCompile>
  </ItemGroup>
</Project>