
Microsoft Visual Studio Solution File, Format Version 12.00
# Visual Studio Version 16
VisualStudioVersion = 16.0.31005.135
MinimumVisualStudioVersion = 10.0.40219.1
Project("{8BC9CEB8-8B4A-11D0-8D11-00A0C91BC942}") = "utilities", "utilities\utilities.vcxproj", "{6A8E08F7-E020-4926-9E2C-4DC01802BA20}"
EndProject
Project("{2150E333-8FDC-42A3-9474-1A3956D46DE8}") = "samples", "samples", "{C523CF87-90A3-4BB5-B91A-20305DD5471D}"
EndProject
Project("{2150E333-8FDC-42A3-9474-1A3956D46DE8}") = "libraries", "libraries", "{9682E0B8-306A-4953-8C43-7FCFFAA73281}"
EndProject
Project("{8BC9CEB8-8B4A-11D0-8D11-00A0C91BC942}") = "threads", "threads\threads.vcxproj", "{237ACD99-0CE3-46CF-80E5-DF64AB9BBE4C}"
EndProject
Project("{8BC9CEB8-8B4A-11D0-8D11-00A0C91BC942}") = "container", "container\container.vcxproj", "{82A9DA7D-8E60-4E90-9061-88E6F7756387}"
EndProject
Project("{8BC9CEB8-8B4A-11D0-8D11-00A0C91BC942}") = "network", "network\network.vcxproj", "{BBE3C8F7-4D0A-478C-969F-3F20B55F9F06}"
EndProject
Project("{8BC9CEB8-8B4A-11D0-8D11-00A0C91BC942}") = "logging_sample", "samples\logging_sample\logging_sample.vcxproj", "{F6318E57-EEC4-46C4-834E-A12841413365}"
EndProject
Project("{8BC9CEB8-8B4A-11D0-8D11-00A0C91BC942}") = "container_sample", "samples\container_sample\container_sample.vcxproj", "{601CFE72-DB93-4EEF-9782-84321F0DFA2D}"
EndProject
Project("{8BC9CEB8-8B4A-11D0-8D11-00A0C91BC942}") = "threads_sample", "samples\threads_sample\threads_sample.vcxproj", "{26EF1615-5BCC-431D-B446-775061C941DF}"
EndProject
Project("{8BC9CEB8-8B4A-11D0-8D11-00A0C91BC942}") = "network_sample", "samples\network_sample\network_sample.vcxproj", "{299C85D1-A631-48B3-9CA9-14BCAA67E6D3}"
EndProject
Project("{8BC9CEB8-8B4A-11D0-8D11-00A0C91BC942}") = "logging_test", "unit_tests\logging_test\logging_test.vcxproj", "{8915873D-14D2-4941-9CBD-627407A9F1DD}"
EndProject
Project("{2150E333-8FDC-42A3-9474-1A3956D46DE8}") = "unit_tests", "unit_tests", "{B43E624F-8E83-4955-87D6-CA07ACAC504F}"
EndProject
Project("{2150E333-8FDC-42A3-9474-1A3956D46DE8}") = "micro_services", "micro_services", "{8E6ED347-8187-40C8-9E8B-F36645EEC5AF}"
EndProject
Project("{8BC9CEB8-8B4A-11D0-8D11-00A0C91BC942}") = "main_server", "micro_services\main_server\main_server.vcxproj", "{F4C004E7-7EDE-4404-9FFD-EF76D59481B2}"
EndProject
Project("{8BC9CEB8-8B4A-11D0-8D11-00A0C91BC942}") = "middle_server", "micro_services\middle_server\middle_server.vcxproj", "{AE14A4E2-14BC-4F22-960D-38BA6DC746B3}"
EndProject
Project("{8BC9CEB8-8B4A-11D0-8D11-00A0C91BC942}") = "download_sample", "samples\download_sample\download_sample.vcxproj", "{CD9D24D1-9E92-4D3F-972C-91FDBDE51122}"
EndProject
Project("{8BC9CEB8-8B4A-11D0-8D11-00A0C91BC942}") = "upload_sample", "samples\upload_sample\upload_sample.vcxproj", "{FC378800-49FF-4ECF-A2AD-9BCFEC89DDC3}"
EndProject
Global
	GlobalSection(SolutionConfigurationPlatforms) = preSolution
		Debug|x64 = Debug|x64
		Debug|x86 = Debug|x86
		Release|x64 = Release|x64
		Release|x86 = Release|x86
	EndGlobalSection
	GlobalSection(ProjectConfigurationPlatforms) = postSolution
		{6A8E08F7-E020-4926-9E2C-4DC01802BA20}.Debug|x64.ActiveCfg = Debug|x64
		{6A8E08F7-E020-4926-9E2C-4DC01802BA20}.Debug|x64.Build.0 = Debug|x64
		{6A8E08F7-E020-4926-9E2C-4DC01802BA20}.Debug|x86.ActiveCfg = Debug|Win32
		{6A8E08F7-E020-4926-9E2C-4DC01802BA20}.Debug|x86.Build.0 = Debug|Win32
		{6A8E08F7-E020-4926-9E2C-4DC01802BA20}.Release|x64.ActiveCfg = Release|x64
		{6A8E08F7-E020-4926-9E2C-4DC01802BA20}.Release|x64.Build.0 = Release|x64
		{6A8E08F7-E020-4926-9E2C-4DC01802BA20}.Release|x86.ActiveCfg = Release|Win32
		{6A8E08F7-E020-4926-9E2C-4DC01802BA20}.Release|x86.Build.0 = Release|Win32
		{237ACD99-0CE3-46CF-80E5-DF64AB9BBE4C}.Debug|x64.ActiveCfg = Debug|x64
		{237ACD99-0CE3-46CF-80E5-DF64AB9BBE4C}.Debug|x64.Build.0 = Debug|x64
		{237ACD99-0CE3-46CF-80E5-DF64AB9BBE4C}.Debug|x86.ActiveCfg = Debug|Win32
		{237ACD99-0CE3-46CF-80E5-DF64AB9BBE4C}.Debug|x86.Build.0 = Debug|Win32
		{237ACD99-0CE3-46CF-80E5-DF64AB9BBE4C}.Release|x64.ActiveCfg = Release|x64
		{237ACD99-0CE3-46CF-80E5-DF64AB9BBE4C}.Release|x64.Build.0 = Release|x64
		{237ACD99-0CE3-46CF-80E5-DF64AB9BBE4C}.Release|x86.ActiveCfg = Release|Win32
		{237ACD99-0CE3-46CF-80E5-DF64AB9BBE4C}.Release|x86.Build.0 = Release|Win32
		{82A9DA7D-8E60-4E90-9061-88E6F7756387}.Debug|x64.ActiveCfg = Debug|x64
		{82A9DA7D-8E60-4E90-9061-88E6F7756387}.Debug|x64.Build.0 = Debug|x64
		{82A9DA7D-8E60-4E90-9061-88E6F7756387}.Debug|x86.ActiveCfg = Debug|Win32
		{82A9DA7D-8E60-4E90-9061-88E6F7756387}.Debug|x86.Build.0 = Debug|Win32
		{82A9DA7D-8E60-4E90-9061-88E6F7756387}.Release|x64.ActiveCfg = Release|x64
		{82A9DA7D-8E60-4E90-9061-88E6F7756387}.Release|x64.Build.0 = Release|x64
		{82A9DA7D-8E60-4E90-9061-88E6F7756387}.Release|x86.ActiveCfg = Release|Win32
		{82A9DA7D-8E60-4E90-9061-88E6F7756387}.Release|x86.Build.0 = Release|Win32
		{BBE3C8F7-4D0A-478C-969F-3F20B55F9F06}.Debug|x64.ActiveCfg = Debug|x64
		{BBE3C8F7-4D0A-478C-969F-3F20B55F9F06}.Debug|x64.Build.0 = Debug|x64
		{BBE3C8F7-4D0A-478C-969F-3F20B55F9F06}.Debug|x86.ActiveCfg = Debug|Win32
		{BBE3C8F7-4D0A-478C-969F-3F20B55F9F06}.Debug|x86.Build.0 = Debug|Win32
		{BBE3C8F7-4D0A-478C-969F-3F20B55F9F06}.Release|x64.ActiveCfg = Release|x64
		{BBE3C8F7-4D0A-478C-969F-3F20B55F9F06}.Release|x64.Build.0 = Release|x64
		{BBE3C8F7-4D0A-478C-969F-3F20B55F9F06}.Release|x86.ActiveCfg = Release|Win32
		{BBE3C8F7-4D0A-478C-969F-3F20B55F9F06}.Release|x86.Build.0 = Release|Win32
		{F6318E57-EEC4-46C4-834E-A12841413365}.Debug|x64.ActiveCfg = Debug|x64
		{F6318E57-EEC4-46C4-834E-A12841413365}.Debug|x64.Build.0 = Debug|x64
		{F6318E57-EEC4-46C4-834E-A12841413365}.Debug|x86.ActiveCfg = Debug|Win32
		{F6318E57-EEC4-46C4-834E-A12841413365}.Debug|x86.Build.0 = Debug|Win32
		{F6318E57-EEC4-46C4-834E-A12841413365}.Release|x64.ActiveCfg = Release|x64
		{F6318E57-EEC4-46C4-834E-A12841413365}.Release|x64.Build.0 = Release|x64
		{F6318E57-EEC4-46C4-834E-A12841413365}.Release|x86.ActiveCfg = Release|Win32
		{F6318E57-EEC4-46C4-834E-A12841413365}.Release|x86.Build.0 = Release|Win32
		{601CFE72-DB93-4EEF-9782-84321F0DFA2D}.Debug|x64.ActiveCfg = Debug|x64
		{601CFE72-DB93-4EEF-9782-84321F0DFA2D}.Debug|x64.Build.0 = Debug|x64
		{601CFE72-DB93-4EEF-9782-84321F0DFA2D}.Debug|x86.ActiveCfg = Debug|Win32
		{601CFE72-DB93-4EEF-9782-84321F0DFA2D}.Debug|x86.Build.0 = Debug|Win32
		{601CFE72-DB93-4EEF-9782-84321F0DFA2D}.Release|x64.ActiveCfg = Release|x64
		{601CFE72-DB93-4EEF-9782-84321F0DFA2D}.Release|x64.Build.0 = Release|x64
		{601CFE72-DB93-4EEF-9782-84321F0DFA2D}.Release|x86.ActiveCfg = Release|Win32
		{601CFE72-DB93-4EEF-9782-84321F0DFA2D}.Release|x86.Build.0 = Release|Win32
		{26EF1615-5BCC-431D-B446-775061C941DF}.Debug|x64.ActiveCfg = Debug|x64
		{26EF1615-5BCC-431D-B446-775061C941DF}.Debug|x64.Build.0 = Debug|x64
		{26EF1615-5BCC-431D-B446-775061C941DF}.Debug|x86.ActiveCfg = Debug|Win32
		{26EF1615-5BCC-431D-B446-775061C941DF}.Debug|x86.Build.0 = Debug|Win32
		{26EF1615-5BCC-431D-B446-775061C941DF}.Release|x64.ActiveCfg = Release|x64
		{26EF1615-5BCC-431D-B446-775061C941DF}.Release|x64.Build.0 = Release|x64
		{26EF1615-5BCC-431D-B446-775061C941DF}.Release|x86.ActiveCfg = Release|Win32
		{26EF1615-5BCC-431D-B446-775061C941DF}.Release|x86.Build.0 = Release|Win32
		{299C85D1-A631-48B3-9CA9-14BCAA67E6D3}.Debug|x64.ActiveCfg = Debug|x64
		{299C85D1-A631-48B3-9CA9-14BCAA67E6D3}.Debug|x64.Build.0 = Debug|x64
		{299C85D1-A631-48B3-9CA9-14BCAA67E6D3}.Debug|x86.ActiveCfg = Debug|Win32
		{299C85D1-A631-48B3-9CA9-14BCAA67E6D3}.Debug|x86.Build.0 = Debug|Win32
		{299C85D1-A631-48B3-9CA9-14BCAA67E6D3}.Release|x64.ActiveCfg = Release|x64
		{299C85D1-A631-48B3-9CA9-14BCAA67E6D3}.Release|x64.Build.0 = Release|x64
		{299C85D1-A631-48B3-9CA9-14BCAA67E6D3}.Release|x86.ActiveCfg = Release|Win32
		{299C85D1-A631-48B3-9CA9-14BCAA67E6D3}.Release|x86.Build.0 = Release|Win32
		{8915873D-14D2-4941-9CBD-627407A9F1DD}.Debug|x64.ActiveCfg = Debug|x64
		{8915873D-14D2-4941-9CBD-627407A9F1DD}.Debug|x64.Build.0 = Debug|x64
		{8915873D-14D2-4941-9CBD-627407A9F1DD}.Debug|x86.ActiveCfg = Debug|Win32
		{8915873D-14D2-4941-9CBD-627407A9F1DD}.Debug|x86.Build.0 = Debug|Win32
		{8915873D-14D2-4941-9CBD-627407A9F1DD}.Release|x64.ActiveCfg = Release|x64
		{8915873D-14D2-4941-9CBD-627407A9F1DD}.Release|x64.Build.0 = Release|x64
		{8915873D-14D2-4941-9CBD-627407A9F1DD}.Release|x86.ActiveCfg = Release|Win32
		{8915873D-14D2-4941-9CBD-627407A9F1DD}.Release|x86.Build.0 = Release|Win32
		{F4C004E7-7EDE-4404-9FFD-EF76D59481B2}.Debug|x64.ActiveCfg = Debug|x64
		{F4C004E7-7EDE-4404-9FFD-EF76D59481B2}.Debug|x64.Build.0 = Debug|x64
		{F4C004E7-7EDE-4404-9FFD-EF76D59481B2}.Debug|x86.ActiveCfg = Debug|Win32
		{F4C004E7-7EDE-4404-9FFD-EF76D59481B2}.Debug|x86.Build.0 = Debug|Win32
		{F4C004E7-7EDE-4404-9FFD-EF76D59481B2}.Release|x64.ActiveCfg = Release|x64
		{F4C004E7-7EDE-4404-9FFD-EF76D59481B2}.Release|x64.Build.0 = Release|x64
		{F4C004E7-7EDE-4404-9FFD-EF76D59481B2}.Release|x86.ActiveCfg = Release|Win32
		{F4C004E7-7EDE-4404-9FFD-EF76D59481B2}.Release|x86.Build.0 = Release|Win32
		{AE14A4E2-14BC-4F22-960D-38BA6DC746B3}.Debug|x64.ActiveCfg = Debug|x64
		{AE14A4E2-14BC-4F22-960D-38BA6DC746B3}.Debug|x64.Build.0 = Debug|x64
		{AE14A4E2-14BC-4F22-960D-38BA6DC746B3}.Debug|x86.ActiveCfg = Debug|Win32
		{AE14A4E2-14BC-4F22-960D-38BA6DC746B3}.Debug|x86.Build.0 = Debug|Win32
		{AE14A4E2-14BC-4F22-960D-38BA6DC746B3}.Release|x64.ActiveCfg = Release|x64
		{AE14A4E2-14BC-4F22-960D-38BA6DC746B3}.Release|x64.Build.0 = Release|x64
		{AE14A4E2-14BC-4F22-960D-38BA6DC746B3}.Release|x86.ActiveCfg = Release|Win32
		{AE14A4E2-14BC-4F22-960D-38BA6DC746B3}.Release|x86.Build.0 = Release|Win32
		{CD9D24D1-9E92-4D3F-972C-91FDBDE51122}.Debug|x64.ActiveCfg = Debug|x64
		{CD9D24D1-9E92-4D3F-972C-91FDBDE51122}.Debug|x64.Build.0 = Debug|x64
		{CD9D24D1-9E92-4D3F-972C-91FDBDE51122}.Debug|x86.ActiveCfg = Debug|Win32
		{CD9D24D1-9E92-4D3F-972C-91FDBDE51122}.Debug|x86.Build.0 = Debug|Win32
		{CD9D24D1-9E92-4D3F-972C-91FDBDE51122}.Release|x64.ActiveCfg = Release|x64
		{CD9D24D1-9E92-4D3F-972C-91FDBDE51122}.Release|x64.Build.0 = Release|x64
		{CD9D24D1-9E92-4D3F-972C-91FDBDE51122}.Release|x86.ActiveCfg = Release|Win32
		{CD9D24D1-9E92-4D3F-972C-91FDBDE51122}.Release|x86.Build.0 = Release|Win32
		{FC378800-49FF-4ECF-A2AD-9BCFEC89DDC3}.Debug|x64.ActiveCfg = Debug|x64
		{FC378800-49FF-4ECF-A2AD-9BCFEC89DDC3}.Debug|x64.Build.0 = Debug|x64
		{FC378800-49FF-4ECF-A2AD-9BCFEC89DDC3}.Debug|x86.ActiveCfg = Debug|Win32
		{FC378800-49FF-4ECF-A2AD-9BCFEC89DDC3}.Debug|x86.Build.0 = Debug|Win32
		{FC378800-49FF-4ECF-A2AD-9BCFEC89DDC3}.Release|x64.ActiveCfg = Release|x64
		{FC378800-49FF-4ECF-A2AD-9BCFEC89DDC3}.Release|x64.Build.0 = Release|x64
		{FC378800-49FF-4ECF-A2AD-9BCFEC89DDC3}.Release|x86.ActiveCfg = Release|Win32
		{FC378800-49FF-4ECF-A2AD-9BCFEC89DDC3}.Release|x86.Build.0 = Release|Win32
	EndGlobalSection
	GlobalSection(SolutionProperties) = preSolution
		HideSolutionNode = FALSE
	EndGlobalSection
	GlobalSection(NestedProjects) = preSolution
		{6A8E08F7-E020-4926-9E2C-4DC01802BA20} = {9682E0B8-306A-4953-8C43-7FCFFAA73281}
		{237ACD99-0CE3-46CF-80E5-DF64AB9BBE4C} = {9682E0B8-306A-4953-8C43-7FCFFAA73281}
		{82A9DA7D-8E60-4E90-9061-88E6F7756387} = {9682E0B8-306A-4953-8C43-7FCFFAA73281}
		{BBE3C8F7-4D0A-478C-969F-3F20B55F9F06} = {9682E0B8-306A-4953-8C43-7FCFFAA73281}
		{F6318E57-EEC4-46C4-834E-A12841413365} = {C523CF87-90A3-4BB5-B91A-20305DD5471D}
		{601CFE72-DB93-4EEF-9782-84321F0DFA2D} = {C523CF87-90A3-4BB5-B91A-20305DD5471D}
		{26EF1615-5BCC-431D-B446-775061C941DF} = {C523CF87-90A3-4BB5-B91A-20305DD5471D}
		{299C85D1-A631-48B3-9CA9-14BCAA67E6D3} = {C523CF87-90A3-4BB5-B91A-20305DD5471D}
		{8915873D-14D2-4941-9CBD-627407A9F1DD} = {B43E624F-8E83-4955-87D6-CA07ACAC504F}
		{F4C004E7-7EDE-4404-9FFD-EF76D59481B2} = {8E6ED347-8187-40C8-9E8B-F36645EEC5AF}
		{AE14A4E2-14BC-4F22-960D-38BA6DC746B3} = {8E6ED347-8187-40C8-9E8B-F36645EEC5AF}
		{CD9D24D1-9E92-4D3F-972C-91FDBDE51122} = {C523CF87-90A3-4BB5-B91A-20305DD5471D}
		{FC378800-49FF-4ECF-A2AD-9BCFEC89DDC3} = {C523CF87-90A3-4BB5-B91A-20305DD5471D}
	EndGlobalSection
	GlobalSection(ExtensibilityGlobals) = postSolution
		SolutionGuid = {3BA577ED-B16E-4A1D-97C7-A7981CF700AC}
	EndGlobalSection
EndGlobal
