
Microsoft Visual Studio Solution File, Format Version 12.00
# Visual Studio Version 16
VisualStudioVersion = 16.0.31005.135
MinimumVisualStudioVersion = 10.0.40219.1
Project("{8BC9CEB8-8B4A-11D0-8D11-00A0C91BC942}") = "logging", "logging\logging.vcxproj", "{6A8E08F7-E020-4926-9E2C-4DC01802BA20}"
EndProject
Project("{8BC9CEB8-8B4A-11D0-8D11-00A0C91BC942}") = "logging_sample", "logging_sample\logging_sample.vcxproj", "{F6318E57-EEC4-46C4-834E-A12841413365}"
EndProject
Global
	GlobalSection(SolutionConfigurationPlatforms) = preSolution
		Debug|x64 = Debug|x64
		Debug|x86 = Debug|x86
		Release|x64 = Release|x64
		Release|x86 = Release|x86
	EndGlobalSection
	GlobalSection(ProjectConfigurationPlatforms) = postSolution
		{6A8E08F7-E020-4926-9E2C-4DC01802BA20}.Debug|x64.ActiveCfg = Debug|x64
		{6A8E08F7-E020-4926-9E2C-4DC01802BA20}.Debug|x64.Build.0 = Debug|x64
		{6A8E08F7-E020-4926-9E2C-4DC01802BA20}.Debug|x86.ActiveCfg = Debug|Win32
		{6A8E08F7-E020-4926-9E2C-4DC01802BA20}.Debug|x86.Build.0 = Debug|Win32
		{6A8E08F7-E020-4926-9E2C-4DC01802BA20}.Release|x64.ActiveCfg = Release|x64
		{6A8E08F7-E020-4926-9E2C-4DC01802BA20}.Release|x64.Build.0 = Release|x64
		{6A8E08F7-E020-4926-9E2C-4DC01802BA20}.Release|x86.ActiveCfg = Release|Win32
		{6A8E08F7-E020-4926-9E2C-4DC01802BA20}.Release|x86.Build.0 = Release|Win32
		{F6318E57-EEC4-46C4-834E-A12841413365}.Debug|x64.ActiveCfg = Debug|x64
		{F6318E57-EEC4-46C4-834E-A12841413365}.Debug|x64.Build.0 = Debug|x64
		{F6318E57-EEC4-46C4-834E-A12841413365}.Debug|x86.ActiveCfg = Debug|Win32
		{F6318E57-EEC4-46C4-834E-A12841413365}.Debug|x86.Build.0 = Debug|Win32
		{F6318E57-EEC4-46C4-834E-A12841413365}.Release|x64.ActiveCfg = Release|x64
		{F6318E57-EEC4-46C4-834E-A12841413365}.Release|x64.Build.0 = Release|x64
		{F6318E57-EEC4-46C4-834E-A12841413365}.Release|x86.ActiveCfg = Release|Win32
		{F6318E57-EEC4-46C4-834E-A12841413365}.Release|x86.Build.0 = Release|Win32
	EndGlobalSection
	GlobalSection(SolutionProperties) = preSolution
		HideSolutionNode = FALSE
	EndGlobalSection
	GlobalSection(ExtensibilityGlobals) = postSolution
		SolutionGuid = {3BA577ED-B16E-4A1D-97C7-A7981CF700AC}
	EndGlobalSection
EndGlobal
